
Microsoft Visual Studio Solution File, Format Version 12.00
# Visual Studio Version 17
VisualStudioVersion = 17.11.35303.130
MinimumVisualStudioVersion = 10.0.40219.1
Project("{FAE04EC0-301F-11D3-BF4B-00C04F79EFBC}") = "tiki", "tiki\tiki.csproj", "{C248E5B0-DAF3-41CA-8951-0F8C54DF78CE}"
EndProject
Global
	GlobalSection(SolutionConfigurationPlatforms) = preSolution
		Debug|Any CPU = Debug|Any CPU
		Release|Any CPU = Release|Any CPU
	EndGlobalSection
	GlobalSection(ProjectConfigurationPlatforms) = postSolution
		{C248E5B0-DAF3-41CA-8951-0F8C54DF78CE}.Debug|Any CPU.ActiveCfg = Debug|Any CPU
		{C248E5B0-DAF3-41CA-8951-0F8C54DF78CE}.Debug|Any CPU.Build.0 = Debug|Any CPU
		{C248E5B0-DAF3-41CA-8951-0F8C54DF78CE}.Release|Any CPU.ActiveCfg = Release|Any CPU
		{C248E5B0-DAF3-41CA-8951-0F8C54DF78CE}.Release|Any CPU.Build.0 = Release|Any CPU
	EndGlobalSection
	GlobalSection(SolutionProperties) = preSolution
		HideSolutionNode = FALSE
	EndGlobalSection
	GlobalSection(ExtensibilityGlobals) = postSolution
		SolutionGuid = {397F11C3-D719-4B45-A5DA-3D53EA8230E1}
	EndGlobalSection
EndGlobal
